{
  "name": "youtube-video-element",
  "version": "1.0.1",
  "lockfileVersion": 3,
  "requires": true,
  "packages": {
    "": {
      "name": "youtube-video-element",
      "version": "1.0.1",
      "license": "MIT",
      "devDependencies": {
        "wet-run": "^1.2.2"
      }
    },
    "node_modules/@hono/node-server": {
      "version": "1.11.0",
      "dev": true,
      "license": "MIT",
      "engines": {
        "node": ">=18.14.1"
      }
    },
    "node_modules/hono": {
      "version": "4.2.5",
      "dev": true,
      "license": "MIT",
      "engines": {
        "node": ">=16.0.0"
      }
    },
    "node_modules/playwright-core": {
      "version": "1.43.1",
      "dev": true,
      "license": "Apache-2.0",
      "bin": {
        "playwright-core": "cli.js"
      },
      "engines": {
        "node": ">=16"
      }
    },
    "node_modules/wet-run": {
      "version": "1.2.2",
      "dev": true,
      "license": "MIT",
      "dependencies": {
        "@hono/node-server": "^1.11.0",
        "hono": "^4.2.5",
        "playwright-core": "^1.43.1",
        "ws": "^8.16.0"
      },
      "bin": {
        "wet": "src/cli.js"
      },
      "engines": {
        "node": ">=18.3.0"
      }
    },
    "node_modules/ws": {
      "version": "8.16.0",
      "dev": true,
      "license": "MIT",
      "engines": {
        "node": ">=10.0.0"
      },
      "peerDependencies": {
        "bufferutil": "^4.0.1",
        "utf-8-validate": ">=5.0.2"
      },
      "peerDependenciesMeta": {
        "bufferutil": {
          "optional": true
        },
        "utf-8-validate": {
          "optional": true
        }
      }
    }
  }
}
