# THIS IS AN AUTOGENERATED FILE. DO NOT EDIT THIS FILE DIRECTLY.
# yarn lockfile v1


playwright-core@^1.31.1:
  version "1.38.0"
  resolved "https://registry.yarnpkg.com/playwright-core/-/playwright-core-1.38.0.tgz#cb8e135da1c0b1918b070642372040ed9aa7009a"
  integrity sha512-f8z1y8J9zvmHoEhKgspmCvOExF2XdcxMW8jNRuX4vkQFrzV4MlZ55iwb5QeyiFQgOFCUolXiRHgpjSEnqvO48g==

wet-run@^0.2.0:
  version "0.2.0"
  resolved "https://registry.yarnpkg.com/wet-run/-/wet-run-0.2.0.tgz#684be1a89c207d0c44a8cefa77eb9dfa7bc7a04d"
  integrity sha512-tk+9aQN6Avvhy5vLeOHvAm3xv0Ztvx5RavNkA3sdzVX1Kyojhlo2g473ERC7sutDpXhNXL7O9vtv8V/tRqQXRQ==
  dependencies:
    playwright-core "^1.31.1"
